
Microsoft Visual Studio Solution File, Format Version 12.00
# Visual Studio Version 17
VisualStudioVersion = 17.14.36127.28
MinimumVisualStudioVersion = 10.0.40219.1
Project("{2150E333-8FDC-42A3-9474-1A3956D46DE8}") = "src", "src", "{02EA681E-C7D8-13C7-8484-4AC65E1B71E8}"
EndProject
Project("{2150E333-8FDC-42A3-9474-1A3956D46DE8}") = "Gateway", "Gateway", "{A7B3673E-AD27-43EF-8DEA-6E1BFA9097DA}"
EndProject
Project("{2150E333-8FDC-42A3-9474-1A3956D46DE8}") = "Services", "Services", "{598C0F95-B6D1-4B56-978E-FD8478548B2A}"
EndProject
Project("{2150E333-8FDC-42A3-9474-1A3956D46DE8}") = "Simuvirtu", "Simuvirtu", "{DE2111F8-C4DF-4C7B-B5FD-EF0A9C6B5450}"
EndProject
Project("{2150E333-8FDC-42A3-9474-1A3956D46DE8}") = "AnalyzerService", "AnalyzerService", "{ED3C9B21-2CF0-43ED-AFC7-8E93DD8CD370}"
EndProject
Project("{FAE04EC0-301F-11D3-BF4B-00C04F79EFBC}") = "Simuvirtu", "src\Services\Simuvirtu\Simuvirtu.csproj", "{7B673451-0BF2-CE68-5990-92B6D836E0C8}"
EndProject
Global
	GlobalSection(SolutionConfigurationPlatforms) = preSolution
		Debug|Any CPU = Debug|Any CPU
		Release|Any CPU = Release|Any CPU
	EndGlobalSection
	GlobalSection(ProjectConfigurationPlatforms) = postSolution
		{7B673451-0BF2-CE68-5990-92B6D836E0C8}.Debug|Any CPU.ActiveCfg = Debug|Any CPU
		{7B673451-0BF2-CE68-5990-92B6D836E0C8}.Debug|Any CPU.Build.0 = Debug|Any CPU
		{7B673451-0BF2-CE68-5990-92B6D836E0C8}.Release|Any CPU.ActiveCfg = Release|Any CPU
		{7B673451-0BF2-CE68-5990-92B6D836E0C8}.Release|Any CPU.Build.0 = Release|Any CPU
	EndGlobalSection
	GlobalSection(SolutionProperties) = preSolution
		HideSolutionNode = FALSE
	EndGlobalSection
	GlobalSection(NestedProjects) = preSolution
		{A7B3673E-AD27-43EF-8DEA-6E1BFA9097DA} = {02EA681E-C7D8-13C7-8484-4AC65E1B71E8}
		{598C0F95-B6D1-4B56-978E-FD8478548B2A} = {02EA681E-C7D8-13C7-8484-4AC65E1B71E8}
		{DE2111F8-C4DF-4C7B-B5FD-EF0A9C6B5450} = {598C0F95-B6D1-4B56-978E-FD8478548B2A}
		{ED3C9B21-2CF0-43ED-AFC7-8E93DD8CD370} = {598C0F95-B6D1-4B56-978E-FD8478548B2A}
		{7B673451-0BF2-CE68-5990-92B6D836E0C8} = {DE2111F8-C4DF-4C7B-B5FD-EF0A9C6B5450}
	EndGlobalSection
	GlobalSection(ExtensibilityGlobals) = postSolution
		SolutionGuid = {08A971AD-558B-42A5-84BB-AC2A1258A91B}
	EndGlobalSection
EndGlobal
